
Microsoft Visual Studio Solution File, Format Version 12.00
# Visual Studio 15
VisualStudioVersion = 15.0.27130.2020
MinimumVisualStudioVersion = 10.0.40219.1
Project("{E24C65DC-7377-472B-9ABA-BC803B73C61A}") = "Kotitehtävä2_CSS", "Kotitehtävä2_CSS\", "{D81E89B0-3233-4DAB-B572-94D2B0C3EFC3}"
	ProjectSection(WebsiteProperties) = preProject
		TargetFrameworkMoniker = ".NETFramework,Version%3Dv4.6.1"
		Debug.AspNetCompiler.VirtualPath = "/localhost_57024"
		Debug.AspNetCompiler.PhysicalPath = "Kotitehtävä2_CSS\"
		Debug.AspNetCompiler.TargetPath = "PrecompiledWeb\localhost_57024\"
		Debug.AspNetCompiler.Updateable = "true"
		Debug.AspNetCompiler.ForceOverwrite = "true"
		Debug.AspNetCompiler.FixedNames = "false"
		Debug.AspNetCompiler.Debug = "True"
		Release.AspNetCompiler.VirtualPath = "/localhost_57024"
		Release.AspNetCompiler.PhysicalPath = "Kotitehtävä2_CSS\"
		Release.AspNetCompiler.TargetPath = "PrecompiledWeb\localhost_57024\"
		Release.AspNetCompiler.Updateable = "true"
		Release.AspNetCompiler.ForceOverwrite = "true"
		Release.AspNetCompiler.FixedNames = "false"
		Release.AspNetCompiler.Debug = "False"
		VWDPort = "57024"
		SlnRelativePath = "Kotitehtävä2_CSS\"
		DefaultWebSiteLanguage = "Visual C#"
	EndProjectSection
EndProject
Global
	GlobalSection(SolutionConfigurationPlatforms) = preSolution
		Debug|Any CPU = Debug|Any CPU
	EndGlobalSection
	GlobalSection(ProjectConfigurationPlatforms) = postSolution
		{D81E89B0-3233-4DAB-B572-94D2B0C3EFC3}.Debug|Any CPU.ActiveCfg = Debug|Any CPU
		{D81E89B0-3233-4DAB-B572-94D2B0C3EFC3}.Debug|Any CPU.Build.0 = Debug|Any CPU
	EndGlobalSection
	GlobalSection(SolutionProperties) = preSolution
		HideSolutionNode = FALSE
	EndGlobalSection
	GlobalSection(ExtensibilityGlobals) = postSolution
		SolutionGuid = {90205A74-AFC4-4835-BF6E-931E200612CE}
	EndGlobalSection
EndGlobal
